
Microsoft Visual Studio Solution File, Format Version 12.00
# Visual Studio 15
VisualStudioVersion = 15.0.28307.329
MinimumVisualStudioVersion = 10.0.40219.1
Project("{2150E333-8FDC-42A3-9474-1A3956D46DE8}") = "0. Solution Items", "0. Solution Items", "{162F742A-6F5F-480D-9BFC-11480A9B7C30}"
	ProjectSection(SolutionItems) = preProject
		src\ReflectInsight.Core.licenseheader = src\ReflectInsight.Core.licenseheader
	EndProjectSection
EndProject
Project("{2150E333-8FDC-42A3-9474-1A3956D46DE8}") = "1. ReflectInsight", "1. ReflectInsight", "{21227F15-5451-413C-A339-85FEB308A340}"
EndProject
Project("{9A19103F-16F7-4668-BE54-9A1E7A4F7556}") = "ReflectInsight.Core", "src\ReflectSoftware.Insight\ReflectInsight.Core.csproj", "{B18BD15D-BBC2-4411-A52B-C1A47BE5A82B}"
EndProject
Project("{2150E333-8FDC-42A3-9474-1A3956D46DE8}") = "2. TestHarness", "2. TestHarness", "{5620BC7D-8BB6-4A2F-AA8A-4C8ECF87FFA6}"
EndProject
Project("{9A19103F-16F7-4668-BE54-9A1E7A4F7556}") = "TestHarness", "src\TestHarness\TestHarness.csproj", "{DA19756A-1B61-4207-AF27-AD64DB01CAE3}"
EndProject
Global
	GlobalSection(SolutionConfigurationPlatforms) = preSolution
		Debug|Any CPU = Debug|Any CPU
		Release|Any CPU = Release|Any CPU
	EndGlobalSection
	GlobalSection(ProjectConfigurationPlatforms) = postSolution
		{B18BD15D-BBC2-4411-A52B-C1A47BE5A82B}.Debug|Any CPU.ActiveCfg = Debug|Any CPU
		{B18BD15D-BBC2-4411-A52B-C1A47BE5A82B}.Debug|Any CPU.Build.0 = Debug|Any CPU
		{B18BD15D-BBC2-4411-A52B-C1A47BE5A82B}.Release|Any CPU.ActiveCfg = Release|Any CPU
		{B18BD15D-BBC2-4411-A52B-C1A47BE5A82B}.Release|Any CPU.Build.0 = Release|Any CPU
		{DA19756A-1B61-4207-AF27-AD64DB01CAE3}.Debug|Any CPU.ActiveCfg = Debug|Any CPU
		{DA19756A-1B61-4207-AF27-AD64DB01CAE3}.Debug|Any CPU.Build.0 = Debug|Any CPU
		{DA19756A-1B61-4207-AF27-AD64DB01CAE3}.Release|Any CPU.ActiveCfg = Release|Any CPU
		{DA19756A-1B61-4207-AF27-AD64DB01CAE3}.Release|Any CPU.Build.0 = Release|Any CPU
	EndGlobalSection
	GlobalSection(SolutionProperties) = preSolution
		HideSolutionNode = FALSE
	EndGlobalSection
	GlobalSection(NestedProjects) = preSolution
		{B18BD15D-BBC2-4411-A52B-C1A47BE5A82B} = {21227F15-5451-413C-A339-85FEB308A340}
		{DA19756A-1B61-4207-AF27-AD64DB01CAE3} = {5620BC7D-8BB6-4A2F-AA8A-4C8ECF87FFA6}
	EndGlobalSection
	GlobalSection(ExtensibilityGlobals) = postSolution
		SolutionGuid = {C7165FA6-9808-4FF0-81AF-8651B2D9C823}
	EndGlobalSection
EndGlobal
